
Microsoft Visual Studio Solution File, Format Version 12.00
# Visual Studio Version 17
VisualStudioVersion = 17.12.35527.113
MinimumVisualStudioVersion = 10.0.40219.1
Project("{54A90642-561A-4BB1-A94E-469ADEE60C69}") = "Listopotamus.Web", "Listopotamus\Listopotamus.Web.esproj", "{9E484F2F-521B-4F6D-8D4C-25314BA15B03}"
EndProject
Project("{FAE04EC0-301F-11D3-BF4B-00C04F79EFBC}") = "Listopotamus.Web.Api", "Listopotamus.Web.Api\Listopotamus.Web.Api.csproj", "{FCD362CD-7C31-4568-AE25-0C010C535A91}"
EndProject
Project("{2150E333-8FDC-42A3-9474-1A3956D46DE8}") = "Tests", "Tests", "{E7BB420C-92D9-4A9F-AD9D-85F2BF8D1F03}"
EndProject
Project("{FAE04EC0-301F-11D3-BF4B-00C04F79EFBC}") = "Listopotamus.Integrations.Test", "Listopotamus.Integrations.Test\Listopotamus.Integrations.Test.csproj", "{B955DA9B-823C-472E-BCD9-F354A5466006}"
EndProject
Project("{FAE04EC0-301F-11D3-BF4B-00C04F79EFBC}") = "Listopotamus.ApplicationCore", "Listopotamus.ApplicationCore\Listopotamus.ApplicationCore.csproj", "{820B49B8-9975-41F4-B1A2-46D2E15BF5A0}"
EndProject
Project("{2150E333-8FDC-42A3-9474-1A3956D46DE8}") = "Solution Items", "Solution Items", "{02EA681E-C7D8-13C7-8484-4AC65E1B71E8}"
	ProjectSection(SolutionItems) = preProject
		.editorconfig = .editorconfig
	EndProjectSection
EndProject
Project("{FAE04EC0-301F-11D3-BF4B-00C04F79EFBC}") = "Listopotamus.Infrastructure", "Listopotamus.Infrastructure\Listopotamus.Infrastructure.csproj", "{C92706A0-B8C2-4CB4-BC4A-7C825F4C6ED8}"
EndProject
Project("{FAE04EC0-301F-11D3-BF4B-00C04F79EFBC}") = "Listopotamus.Resource", "Listopotamus.Resource\Listopotamus.Resource.csproj", "{07697AC5-D036-4A0D-BA48-F7C9DD41B9F5}"
EndProject
Project("{FAE04EC0-301F-11D3-BF4B-00C04F79EFBC}") = "Listopotamus.Core", "Listopotamus.Core\Listopotamus.Core.csproj", "{B7BD9413-1CF2-488C-B938-C281A704F52B}"
EndProject
Global
	GlobalSection(SolutionConfigurationPlatforms) = preSolution
		Debug|Any CPU = Debug|Any CPU
		Release|Any CPU = Release|Any CPU
	EndGlobalSection
	GlobalSection(ProjectConfigurationPlatforms) = postSolution
		{9E484F2F-521B-4F6D-8D4C-25314BA15B03}.Debug|Any CPU.ActiveCfg = Debug|Any CPU
		{9E484F2F-521B-4F6D-8D4C-25314BA15B03}.Debug|Any CPU.Build.0 = Debug|Any CPU
		{9E484F2F-521B-4F6D-8D4C-25314BA15B03}.Debug|Any CPU.Deploy.0 = Debug|Any CPU
		{9E484F2F-521B-4F6D-8D4C-25314BA15B03}.Release|Any CPU.ActiveCfg = Release|Any CPU
		{9E484F2F-521B-4F6D-8D4C-25314BA15B03}.Release|Any CPU.Build.0 = Release|Any CPU
		{9E484F2F-521B-4F6D-8D4C-25314BA15B03}.Release|Any CPU.Deploy.0 = Release|Any CPU
		{FCD362CD-7C31-4568-AE25-0C010C535A91}.Debug|Any CPU.ActiveCfg = Debug|Any CPU
		{FCD362CD-7C31-4568-AE25-0C010C535A91}.Debug|Any CPU.Build.0 = Debug|Any CPU
		{FCD362CD-7C31-4568-AE25-0C010C535A91}.Release|Any CPU.ActiveCfg = Release|Any CPU
		{FCD362CD-7C31-4568-AE25-0C010C535A91}.Release|Any CPU.Build.0 = Release|Any CPU
		{B955DA9B-823C-472E-BCD9-F354A5466006}.Debug|Any CPU.ActiveCfg = Debug|Any CPU
		{B955DA9B-823C-472E-BCD9-F354A5466006}.Debug|Any CPU.Build.0 = Debug|Any CPU
		{B955DA9B-823C-472E-BCD9-F354A5466006}.Release|Any CPU.ActiveCfg = Release|Any CPU
		{B955DA9B-823C-472E-BCD9-F354A5466006}.Release|Any CPU.Build.0 = Release|Any CPU
		{820B49B8-9975-41F4-B1A2-46D2E15BF5A0}.Debug|Any CPU.ActiveCfg = Debug|Any CPU
		{820B49B8-9975-41F4-B1A2-46D2E15BF5A0}.Debug|Any CPU.Build.0 = Debug|Any CPU
		{820B49B8-9975-41F4-B1A2-46D2E15BF5A0}.Release|Any CPU.ActiveCfg = Release|Any CPU
		{820B49B8-9975-41F4-B1A2-46D2E15BF5A0}.Release|Any CPU.Build.0 = Release|Any CPU
		{C92706A0-B8C2-4CB4-BC4A-7C825F4C6ED8}.Debug|Any CPU.ActiveCfg = Debug|Any CPU
		{C92706A0-B8C2-4CB4-BC4A-7C825F4C6ED8}.Debug|Any CPU.Build.0 = Debug|Any CPU
		{C92706A0-B8C2-4CB4-BC4A-7C825F4C6ED8}.Release|Any CPU.ActiveCfg = Release|Any CPU
		{C92706A0-B8C2-4CB4-BC4A-7C825F4C6ED8}.Release|Any CPU.Build.0 = Release|Any CPU
		{07697AC5-D036-4A0D-BA48-F7C9DD41B9F5}.Debug|Any CPU.ActiveCfg = Debug|Any CPU
		{07697AC5-D036-4A0D-BA48-F7C9DD41B9F5}.Debug|Any CPU.Build.0 = Debug|Any CPU
		{07697AC5-D036-4A0D-BA48-F7C9DD41B9F5}.Release|Any CPU.ActiveCfg = Release|Any CPU
		{07697AC5-D036-4A0D-BA48-F7C9DD41B9F5}.Release|Any CPU.Build.0 = Release|Any CPU
		{B7BD9413-1CF2-488C-B938-C281A704F52B}.Debug|Any CPU.ActiveCfg = Debug|Any CPU
		{B7BD9413-1CF2-488C-B938-C281A704F52B}.Debug|Any CPU.Build.0 = Debug|Any CPU
		{B7BD9413-1CF2-488C-B938-C281A704F52B}.Release|Any CPU.ActiveCfg = Release|Any CPU
		{B7BD9413-1CF2-488C-B938-C281A704F52B}.Release|Any CPU.Build.0 = Release|Any CPU
	EndGlobalSection
	GlobalSection(SolutionProperties) = preSolution
		HideSolutionNode = FALSE
	EndGlobalSection
	GlobalSection(NestedProjects) = preSolution
		{B955DA9B-823C-472E-BCD9-F354A5466006} = {E7BB420C-92D9-4A9F-AD9D-85F2BF8D1F03}
	EndGlobalSection
	GlobalSection(ExtensibilityGlobals) = postSolution
		SolutionGuid = {B4451538-414A-45C1-BFF7-CA2D08EF2F15}
	EndGlobalSection
EndGlobal
